
Microsoft Visual Studio Solution File, Format Version 12.00
# Visual Studio Version 16
VisualStudioVersion = 16.0.29613.14
MinimumVisualStudioVersion = 10.0.40219.1
Project("{FAE04EC0-301F-11D3-BF4B-00C04F79EFBC}") = "DDD.EF.OptimisticConcurrency", "DDD.EF.OptimisticConcurrency\DDD.EF.OptimisticConcurrency.csproj", "{7BD9C85A-85AF-4E2C-AC8C-5C7AA78C7B41}"
EndProject
Global
	GlobalSection(SolutionConfigurationPlatforms) = preSolution
		Debug|Any CPU = Debug|Any CPU
		Release|Any CPU = Release|Any CPU
	EndGlobalSection
	GlobalSection(ProjectConfigurationPlatforms) = postSolution
		{7BD9C85A-85AF-4E2C-AC8C-5C7AA78C7B41}.Debug|Any CPU.ActiveCfg = Debug|Any CPU
		{7BD9C85A-85AF-4E2C-AC8C-5C7AA78C7B41}.Debug|Any CPU.Build.0 = Debug|Any CPU
		{7BD9C85A-85AF-4E2C-AC8C-5C7AA78C7B41}.Release|Any CPU.ActiveCfg = Release|Any CPU
		{7BD9C85A-85AF-4E2C-AC8C-5C7AA78C7B41}.Release|Any CPU.Build.0 = Release|Any CPU
	EndGlobalSection
	GlobalSection(SolutionProperties) = preSolution
		HideSolutionNode = FALSE
	EndGlobalSection
	GlobalSection(ExtensibilityGlobals) = postSolution
		SolutionGuid = {E9AE8266-052B-47D8-B5F8-D7FB74ACF409}
	EndGlobalSection
EndGlobal
